
Microsoft Visual Studio Solution File, Format Version 12.00
# Visual Studio Version 17
VisualStudioVersion = 17.10.35122.118
MinimumVisualStudioVersion = 10.0.40219.1
Project("{FAE04EC0-301F-11D3-BF4B-00C04F79EFBC}") = "Persona", "Persona\Persona.csproj", "{96BA6D5A-3DCD-4ABF-B525-3BAC41157229}"
EndProject
Global
	GlobalSection(SolutionConfigurationPlatforms) = preSolution
		Debug|Any CPU = Debug|Any CPU
		Release|Any CPU = Release|Any CPU
	EndGlobalSection
	GlobalSection(ProjectConfigurationPlatforms) = postSolution
		{96BA6D5A-3DCD-4ABF-B525-3BAC41157229}.Debug|Any CPU.ActiveCfg = Debug|Any CPU
		{96BA6D5A-3DCD-4ABF-B525-3BAC41157229}.Debug|Any CPU.Build.0 = Debug|Any CPU
		{96BA6D5A-3DCD-4ABF-B525-3BAC41157229}.Release|Any CPU.ActiveCfg = Release|Any CPU
		{96BA6D5A-3DCD-4ABF-B525-3BAC41157229}.Release|Any CPU.Build.0 = Release|Any CPU
	EndGlobalSection
	GlobalSection(SolutionProperties) = preSolution
		HideSolutionNode = FALSE
	EndGlobalSection
	GlobalSection(ExtensibilityGlobals) = postSolution
		SolutionGuid = {6F0DED11-DB64-4AB3-A2BB-EE75804685D2}
	EndGlobalSection
EndGlobal
