
Microsoft Visual Studio Solution File, Format Version 12.00
# Visual Studio Version 17
VisualStudioVersion = 17.10.35004.147
MinimumVisualStudioVersion = 10.0.40219.1
Project("{FAE04EC0-301F-11D3-BF4B-00C04F79EFBC}") = "instrumento", "instrumento\instrumento.csproj", "{92AA9E26-E6C7-412E-868A-6DC9B16212A3}"
EndProject
Global
	GlobalSection(SolutionConfigurationPlatforms) = preSolution
		Debug|Any CPU = Debug|Any CPU
		Release|Any CPU = Release|Any CPU
	EndGlobalSection
	GlobalSection(ProjectConfigurationPlatforms) = postSolution
		{92AA9E26-E6C7-412E-868A-6DC9B16212A3}.Debug|Any CPU.ActiveCfg = Debug|Any CPU
		{92AA9E26-E6C7-412E-868A-6DC9B16212A3}.Debug|Any CPU.Build.0 = Debug|Any CPU
		{92AA9E26-E6C7-412E-868A-6DC9B16212A3}.Release|Any CPU.ActiveCfg = Release|Any CPU
		{92AA9E26-E6C7-412E-868A-6DC9B16212A3}.Release|Any CPU.Build.0 = Release|Any CPU
	EndGlobalSection
	GlobalSection(SolutionProperties) = preSolution
		HideSolutionNode = FALSE
	EndGlobalSection
	GlobalSection(ExtensibilityGlobals) = postSolution
		SolutionGuid = {BC33DEF6-290D-468E-8BD9-16DFCC256A23}
	EndGlobalSection
EndGlobal
